{
  "name": "project2",
  "lockfileVersion": 3,
  "requires": true,
  "packages": {
    "": {
      "dependencies": {
        "bootstrap3": "^3.3.5"
      }
    },
    "node_modules/bootstrap3": {
      "version": "3.3.5",
      "resolved": "https://registry.npmmirror.com/bootstrap3/-/bootstrap3-3.3.5.tgz",
      "integrity": "sha512-KoChQrvYQQv44JrkjEiSy/90CYp5/4QDF2DZZysD/mPYlZGc+z0QN1aLDUiXhl1KIjWNu5UdJ3w8NhrKZnJOUw==",
      "engines": {
        "node": ">=0.10.1"
      }
    }
  }
}
